// !$*UTF8*$!
{
	archiveVersion = 1;
	classes = {
	};
	objectVersion = 46;
	objects = {

/* Begin PBXBuildFile section */
		530E082B7B13ED792A52192B /* Pods_Social_Feed.framework in Frameworks */ = {isa = PBXBuildFile; fileRef = 2D34F66AD375C5C9DF932B83 /* Pods_Social_Feed.framework */; };
		BF01E1BF1DB704D0001E46B1 /* Nexa Light.otf in Resources */ = {isa = PBXBuildFile; fileRef = BF01E1BE1DB704D0001E46B1 /* Nexa Light.otf */; };
		BF01E1C11DB704EE001E46B1 /* Nexa Bold.otf in Resources */ = {isa = PBXBuildFile; fileRef = BF01E1C01DB704EE001E46B1 /* Nexa Bold.otf */; };
		BF80AAF51DB98854001530D8 /* CircleView.swift in Sources */ = {isa = PBXBuildFile; fileRef = BF80AAF41DB98854001530D8 /* CircleView.swift */; };
		BF80AAF71DB9A026001530D8 /* PostCell.swift in Sources */ = {isa = PBXBuildFile; fileRef = BF80AAF61DB9A026001530D8 /* PostCell.swift */; };
		BF97CB7C1DB867F0003F5041 /* Constant.swift in Sources */ = {isa = PBXBuildFile; fileRef = BF97CB7B1DB867F0003F5041 /* Constant.swift */; };
		BFC180EA1DB7545A00EF98B1 /* LeftPaddedTextField.swift in Sources */ = {isa = PBXBuildFile; fileRef = BFC180E91DB7545A00EF98B1 /* LeftPaddedTextField.swift */; };
		BFC180EC1DB75E8C00EF98B1 /* RoundBtn.swift in Sources */ = {isa = PBXBuildFile; fileRef = BFC180EB1DB75E8C00EF98B1 /* RoundBtn.swift */; };
		BFC180EE1DB760ED00EF98B1 /* FeedVC.swift in Sources */ = {isa = PBXBuildFile; fileRef = BFC180ED1DB760ED00EF98B1 /* FeedVC.swift */; };
		BFE0B7641DB6E11B00D9F2B9 /* AppDelegate.swift in Sources */ = {isa = PBXBuildFile; fileRef = BFE0B7631DB6E11B00D9F2B9 /* AppDelegate.swift */; };
		BFE0B7661DB6E11B00D9F2B9 /* SignUpVC.swift in Sources */ = {isa = PBXBuildFile; fileRef = BFE0B7651DB6E11B00D9F2B9 /* SignUpVC.swift */; };
		BFE0B7691DB6E11B00D9F2B9 /* Main.storyboard in Resources */ = {isa = PBXBuildFile; fileRef = BFE0B7671DB6E11B00D9F2B9 /* Main.storyboard */; };
		BFE0B76B1DB6E11B00D9F2B9 /* Assets.xcassets in Resources */ = {isa = PBXBuildFile; fileRef = BFE0B76A1DB6E11B00D9F2B9 /* Assets.xcassets */; };
		BFE0B76E1DB6E11B00D9F2B9 /* LaunchScreen.storyboard in Resources */ = {isa = PBXBuildFile; fileRef = BFE0B76C1DB6E11B00D9F2B9 /* LaunchScreen.storyboard */; };
		BFE0B7761DB6E3C800D9F2B9 /* GoogleService-Info.plist in Resources */ = {isa = PBXBuildFile; fileRef = BFE0B7751DB6E3C800D9F2B9 /* GoogleService-Info.plist */; };
/* End PBXBuildFile section */

/* Begin PBXFileReference section */
		2D34F66AD375C5C9DF932B83 /* Pods_Social_Feed.framework */ = {isa = PBXFileReference; explicitFileType = wrapper.framework; includeInIndex = 0; path = Pods_Social_Feed.framework; sourceTree = BUILT_PRODUCTS_DIR; };
		58E8BCF1B315C6057FAA9D4C /* Pods-Social Feed.release.xcconfig */ = {isa = PBXFileReference; includeInIndex = 1; lastKnownFileType = text.xcconfig; name = "Pods-Social Feed.release.xcconfig"; path = "Pods/Target Support Files/Pods-Social Feed/Pods-Social Feed.release.xcconfig"; sourceTree = "<group>"; };
		66BACC02F25C62D072DD2289 /* Pods-Social Feed.debug.xcconfig */ = {isa = PBXFileReference; includeInIndex = 1; lastKnownFileType = text.xcconfig; name = "Pods-Social Feed.debug.xcconfig"; path = "Pods/Target Support Files/Pods-Social Feed/Pods-Social Feed.debug.xcconfig"; sourceTree = "<group>"; };
		BF01E1BE1DB704D0001E46B1 /* Nexa Light.otf */ = {isa = PBXFileReference; lastKnownFileType = file; path = "Nexa Light.otf"; sourceTree = "<group>"; };
		BF01E1C01DB704EE001E46B1 /* Nexa Bold.otf */ = {isa = PBXFileReference; lastKnownFileType = file; path = "Nexa Bold.otf"; sourceTree = "<group>"; };
		BF01E1C31DB72500001E46B1 /* Social Feed.entitlements */ = {isa = PBXFileReference; lastKnownFileType = text.plist.entitlements; path = "Social Feed.entitlements"; sourceTree = "<group>"; };
		BF80AAF41DB98854001530D8 /* CircleView.swift */ = {isa = PBXFileReference; fileEncoding = 4; lastKnownFileType = sourcecode.swift; path = CircleView.swift; sourceTree = "<group>"; };
		BF80AAF61DB9A026001530D8 /* PostCell.swift */ = {isa = PBXFileReference; fileEncoding = 4; lastKnownFileType = sourcecode.swift; path = PostCell.swift; sourceTree = "<group>"; };
		BF97CB7B1DB867F0003F5041 /* Constant.swift */ = {isa = PBXFileReference; fileEncoding = 4; lastKnownFileType = sourcecode.swift; path = Constant.swift; sourceTree = "<group>"; };
		BFC180E91DB7545A00EF98B1 /* LeftPaddedTextField.swift */ = {isa = PBXFileReference; fileEncoding = 4; lastKnownFileType = sourcecode.swift; path = LeftPaddedTextField.swift; sourceTree = "<group>"; };
		BFC180EB1DB75E8C00EF98B1 /* RoundBtn.swift */ = {isa = PBXFileReference; fileEncoding = 4; lastKnownFileType = sourcecode.swift; path = RoundBtn.swift; sourceTree = "<group>"; };
		BFC180ED1DB760ED00EF98B1 /* FeedVC.swift */ = {isa = PBXFileReference; fileEncoding = 4; lastKnownFileType = sourcecode.swift; path = FeedVC.swift; sourceTree = "<group>"; };
		BFE0B7601DB6E11B00D9F2B9 /* Social Feed.app */ = {isa = PBXFileReference; explicitFileType = wrapper.application; includeInIndex = 0; path = "Social Feed.app"; sourceTree = BUILT_PRODUCTS_DIR; };
		BFE0B7631DB6E11B00D9F2B9 /* AppDelegate.swift */ = {isa = PBXFileReference; lastKnownFileType = sourcecode.swift; path = AppDelegate.swift; sourceTree = "<group>"; };
		BFE0B7651DB6E11B00D9F2B9 /* SignUpVC.swift */ = {isa = PBXFileReference; lastKnownFileType = sourcecode.swift; path = SignUpVC.swift; sourceTree = "<group>"; };
		BFE0B7681DB6E11B00D9F2B9 /* Base */ = {isa = PBXFileReference; lastKnownFileType = file.storyboard; name = Base; path = Base.lproj/Main.storyboard; sourceTree = "<group>"; };
		BFE0B76A1DB6E11B00D9F2B9 /* Assets.xcassets */ = {isa = PBXFileReference; lastKnownFileType = folder.assetcatalog; path = Assets.xcassets; sourceTree = "<group>"; };
		BFE0B76D1DB6E11B00D9F2B9 /* Base */ = {isa = PBXFileReference; lastKnownFileType = file.storyboard; name = Base; path = Base.lproj/LaunchScreen.storyboard; sourceTree = "<group>"; };
		BFE0B76F1DB6E11B00D9F2B9 /* Info.plist */ = {isa = PBXFileReference; lastKnownFileType = text.plist.xml; path = Info.plist; sourceTree = "<group>"; };
		BFE0B7751DB6E3C800D9F2B9 /* GoogleService-Info.plist */ = {isa = PBXFileReference; fileEncoding = 4; lastKnownFileType = text.plist.xml; path = "GoogleService-Info.plist"; sourceTree = "<group>"; };
/* End PBXFileReference section */

/* Begin PBXFrameworksBuildPhase section */
		BFE0B75D1DB6E11B00D9F2B9 /* Frameworks */ = {
			isa = PBXFrameworksBuildPhase;
			buildActionMask = 2147483647;
			files = (
				530E082B7B13ED792A52192B /* Pods_Social_Feed.framework in Frameworks */,
			);
			runOnlyForDeploymentPostprocessing = 0;
		};
/* End PBXFrameworksBuildPhase section */

/* Begin PBXGroup section */
		BE65EDE1AA3B7B8A2A025714 /* Frameworks */ = {
			isa = PBXGroup;
			children = (
				2D34F66AD375C5C9DF932B83 /* Pods_Social_Feed.framework */,
			);
			name = Frameworks;
			sourceTree = "<group>";
		};
		BF01E1B91DB6EA41001E46B1 /* Controller */ = {
			isa = PBXGroup;
			children = (
				BFE0B7651DB6E11B00D9F2B9 /* SignUpVC.swift */,
				BFC180ED1DB760ED00EF98B1 /* FeedVC.swift */,
			);
			name = Controller;
			sourceTree = "<group>";
		};
		BF01E1BA1DB6ED89001E46B1 /* View */ = {
			isa = PBXGroup;
			children = (
				BFC180E91DB7545A00EF98B1 /* LeftPaddedTextField.swift */,
				BFC180EB1DB75E8C00EF98B1 /* RoundBtn.swift */,
				BF80AAF41DB98854001530D8 /* CircleView.swift */,
				BF80AAF61DB9A026001530D8 /* PostCell.swift */,
			);
			name = View;
			sourceTree = "<group>";
		};
		BF01E1C21DB7093A001E46B1 /* Resource */ = {
			isa = PBXGroup;
			children = (
				BF01E1BE1DB704D0001E46B1 /* Nexa Light.otf */,
				BF01E1C01DB704EE001E46B1 /* Nexa Bold.otf */,
			);
			name = Resource;
			sourceTree = "<group>";
		};
		BF97CB7A1DB86791003F5041 /* Util */ = {
			isa = PBXGroup;
			children = (
				BF97CB7B1DB867F0003F5041 /* Constant.swift */,
			);
			name = Util;
			sourceTree = "<group>";
		};
		BFE0B7571DB6E11B00D9F2B9 = {
			isa = PBXGroup;
			children = (
				BFE0B7621DB6E11B00D9F2B9 /* Social Feed */,
				BFE0B7611DB6E11B00D9F2B9 /* Products */,
				C5AEB35F0525BBA03EDC7053 /* Pods */,
				BE65EDE1AA3B7B8A2A025714 /* Frameworks */,
			);
			sourceTree = "<group>";
		};
		BFE0B7611DB6E11B00D9F2B9 /* Products */ = {
			isa = PBXGroup;
			children = (
				BFE0B7601DB6E11B00D9F2B9 /* Social Feed.app */,
			);
			name = Products;
			sourceTree = "<group>";
		};
		BFE0B7621DB6E11B00D9F2B9 /* Social Feed */ = {
			isa = PBXGroup;
			children = (
				BF97CB7A1DB86791003F5041 /* Util */,
				BF01E1C31DB72500001E46B1 /* Social Feed.entitlements */,
				BF01E1BA1DB6ED89001E46B1 /* View */,
				BF01E1B91DB6EA41001E46B1 /* Controller */,
				BF01E1C21DB7093A001E46B1 /* Resource */,
				BFE0B7631DB6E11B00D9F2B9 /* AppDelegate.swift */,
				BFE0B7671DB6E11B00D9F2B9 /* Main.storyboard */,
				BFE0B76A1DB6E11B00D9F2B9 /* Assets.xcassets */,
				BFE0B76C1DB6E11B00D9F2B9 /* LaunchScreen.storyboard */,
				BFE0B76F1DB6E11B00D9F2B9 /* Info.plist */,
				BFE0B7751DB6E3C800D9F2B9 /* GoogleService-Info.plist */,
			);
			path = "Social Feed";
			sourceTree = "<group>";
		};
		C5AEB35F0525BBA03EDC7053 /* Pods */ = {
			isa = PBXGroup;
			children = (
				66BACC02F25C62D072DD2289 /* Pods-Social Feed.debug.xcconfig */,
				58E8BCF1B315C6057FAA9D4C /* Pods-Social Feed.release.xcconfig */,
			);
			name = Pods;
			sourceTree = "<group>";
		};
/* End PBXGroup section */

/* Begin PBXNativeTarget section */
		BFE0B75F1DB6E11B00D9F2B9 /* Social Feed */ = {
			isa = PBXNativeTarget;
			buildConfigurationList = BFE0B7721DB6E11B00D9F2B9 /* Build configuration list for PBXNativeTarget "Social Feed" */;
			buildPhases = (
				0716B8EB2111DD1B2B4D4693 /* [CP] Check Pods Manifest.lock */,
				BFE0B75C1DB6E11B00D9F2B9 /* Sources */,
				BFE0B75D1DB6E11B00D9F2B9 /* Frameworks */,
				BFE0B75E1DB6E11B00D9F2B9 /* Resources */,
				72677B817F84DB3334F9B618 /* [CP] Embed Pods Frameworks */,
				363303CB3760BC143D685A6C /* [CP] Copy Pods Resources */,
			);
			buildRules = (
			);
			dependencies = (
			);
			name = "Social Feed";
			productName = "Social Feed";
			productReference = BFE0B7601DB6E11B00D9F2B9 /* Social Feed.app */;
			productType = "com.apple.product-type.application";
		};
/* End PBXNativeTarget section */

/* Begin PBXProject section */
		BFE0B7581DB6E11B00D9F2B9 /* Project object */ = {
			isa = PBXProject;
			attributes = {
				LastSwiftUpdateCheck = 0800;
				LastUpgradeCheck = 0800;
				ORGANIZATIONNAME = "Wepro Co. Ltd.";
				TargetAttributes = {
					BFE0B75F1DB6E11B00D9F2B9 = {
						CreatedOnToolsVersion = 8.0;
						DevelopmentTeam = 4WV9HZC5SY;
						ProvisioningStyle = Automatic;
						SystemCapabilities = {
							com.apple.Keychain = {
								enabled = 1;
							};
						};
					};
				};
			};
			buildConfigurationList = BFE0B75B1DB6E11B00D9F2B9 /* Build configuration list for PBXProject "Social Feed" */;
			compatibilityVersion = "Xcode 3.2";
			developmentRegion = English;
			hasScannedForEncodings = 0;
			knownRegions = (
				en,
				Base,
			);
			mainGroup = BFE0B7571DB6E11B00D9F2B9;
			productRefGroup = BFE0B7611DB6E11B00D9F2B9 /* Products */;
			projectDirPath = "";
			projectRoot = "";
			targets = (
				BFE0B75F1DB6E11B00D9F2B9 /* Social Feed */,
			);
		};
/* End PBXProject section */

/* Begin PBXResourcesBuildPhase section */
		BFE0B75E1DB6E11B00D9F2B9 /* Resources */ = {
			isa = PBXResourcesBuildPhase;
			buildActionMask = 2147483647;
			files = (
				BFE0B76E1DB6E11B00D9F2B9 /* LaunchScreen.storyboard in Resources */,
				BFE0B7761DB6E3C800D9F2B9 /* GoogleService-Info.plist in Resources */,
				BFE0B76B1DB6E11B00D9F2B9 /* Assets.xcassets in Resources */,
				BFE0B7691DB6E11B00D9F2B9 /* Main.storyboard in Resources */,
				BF01E1BF1DB704D0001E46B1 /* Nexa Light.otf in Resources */,
				BF01E1C11DB704EE001E46B1 /* Nexa Bold.otf in Resources */,
			);
			runOnlyForDeploymentPostprocessing = 0;
		};
/* End PBXResourcesBuildPhase section */

/* Begin PBXShellScriptBuildPhase section */
		0716B8EB2111DD1B2B4D4693 /* [CP] Check Pods Manifest.lock */ = {
			isa = PBXShellScriptBuildPhase;
			buildActionMask = 2147483647;
			files = (
			);
			inputPaths = (
			);
			name = "[CP] Check Pods Manifest.lock";
			outputPaths = (
			);
			runOnlyForDeploymentPostprocessing = 0;
			shellPath = /bin/sh;
			shellScript = "diff \"${PODS_ROOT}/../Podfile.lock\" \"${PODS_ROOT}/Manifest.lock\" > /dev/null\nif [ $? != 0 ] ; then\n    # print error to STDERR\n    echo \"error: The sandbox is not in sync with the Podfile.lock. Run 'pod install' or update your CocoaPods installation.\" >&2\n    exit 1\nfi\n";
			showEnvVarsInLog = 0;
		};
		363303CB3760BC143D685A6C /* [CP] Copy Pods Resources */ = {
			isa = PBXShellScriptBuildPhase;
			buildActionMask = 2147483647;
			files = (
			);
			inputPaths = (
			);
			name = "[CP] Copy Pods Resources";
			outputPaths = (
			);
			runOnlyForDeploymentPostprocessing = 0;
			shellPath = /bin/sh;
			shellScript = "\"${SRCROOT}/Pods/Target Support Files/Pods-Social Feed/Pods-Social Feed-resources.sh\"\n";
			showEnvVarsInLog = 0;
		};
		72677B817F84DB3334F9B618 /* [CP] Embed Pods Frameworks */ = {
			isa = PBXShellScriptBuildPhase;
			buildActionMask = 2147483647;
			files = (
			);
			inputPaths = (
			);
			name = "[CP] Embed Pods Frameworks";
			outputPaths = (
			);
			runOnlyForDeploymentPostprocessing = 0;
			shellPath = /bin/sh;
			shellScript = "\"${SRCROOT}/Pods/Target Support Files/Pods-Social Feed/Pods-Social Feed-frameworks.sh\"\n";
			showEnvVarsInLog = 0;
		};
/* End PBXShellScriptBuildPhase section */

/* Begin PBXSourcesBuildPhase section */
		BFE0B75C1DB6E11B00D9F2B9 /* Sources */ = {
			isa = PBXSourcesBuildPhase;
			buildActionMask = 2147483647;
			files = (
				BFE0B7661DB6E11B00D9F2B9 /* SignUpVC.swift in Sources */,
				BFC180EC1DB75E8C00EF98B1 /* RoundBtn.swift in Sources */,
				BFC180EE1DB760ED00EF98B1 /* FeedVC.swift in Sources */,
				BFE0B7641DB6E11B00D9F2B9 /* AppDelegate.swift in Sources */,
				BFC180EA1DB7545A00EF98B1 /* LeftPaddedTextField.swift in Sources */,
				BF80AAF51DB98854001530D8 /* CircleView.swift in Sources */,
				BF97CB7C1DB867F0003F5041 /* Constant.swift in Sources */,
				BF80AAF71DB9A026001530D8 /* PostCell.swift in Sources */,
			);
			runOnlyForDeploymentPostprocessing = 0;
		};
/* End PBXSourcesBuildPhase section */

/* Begin PBXVariantGroup section */
		BFE0B7671DB6E11B00D9F2B9 /* Main.storyboard */ = {
			isa = PBXVariantGroup;
			children = (
				BFE0B7681DB6E11B00D9F2B9 /* Base */,
			);
			name = Main.storyboard;
			sourceTree = "<group>";
		};
		BFE0B76C1DB6E11B00D9F2B9 /* LaunchScreen.storyboard */ = {
			isa = PBXVariantGroup;
			children = (
				BFE0B76D1DB6E11B00D9F2B9 /* Base */,
			);
			name = LaunchScreen.storyboard;
			sourceTree = "<group>";
		};
/* End PBXVariantGroup section */

/* Begin XCBuildConfiguration section */
		BFE0B7701DB6E11B00D9F2B9 /* Debug */ = {
			isa = XCBuildConfiguration;
			buildSettings = {
				ALWAYS_SEARCH_USER_PATHS = NO;
				CLANG_ANALYZER_NONNULL = YES;
				CLANG_CXX_LANGUAGE_STANDARD = "gnu++0x";
				CLANG_CXX_LIBRARY = "libc++";
				CLANG_ENABLE_MODULES = YES;
				CLANG_ENABLE_OBJC_ARC = YES;
				CLANG_WARN_BOOL_CONVERSION = YES;
				CLANG_WARN_CONSTANT_CONVERSION = YES;
				CLANG_WARN_DIRECT_OBJC_ISA_USAGE = YES_ERROR;
				CLANG_WARN_DOCUMENTATION_COMMENTS = YES;
				CLANG_WARN_EMPTY_BODY = YES;
				CLANG_WARN_ENUM_CONVERSION = YES;
				CLANG_WARN_INFINITE_RECURSION = YES;
				CLANG_WARN_INT_CONVERSION = YES;
				CLANG_WARN_OBJC_ROOT_CLASS = YES_ERROR;
				CLANG_WARN_SUSPICIOUS_MOVES = YES;
				CLANG_WARN_UNREACHABLE_CODE = YES;
				CLANG_WARN__DUPLICATE_METHOD_MATCH = YES;
				"CODE_SIGN_IDENTITY[sdk=iphoneos*]" = "iPhone Developer";
				COPY_PHASE_STRIP = NO;
				DEBUG_INFORMATION_FORMAT = dwarf;
				ENABLE_STRICT_OBJC_MSGSEND = YES;
				ENABLE_TESTABILITY = YES;
				GCC_C_LANGUAGE_STANDARD = gnu99;
				GCC_DYNAMIC_NO_PIC = NO;
				GCC_NO_COMMON_BLOCKS = YES;
				GCC_OPTIMIZATION_LEVEL = 0;
				GCC_PREPROCESSOR_DEFINITIONS = (
					"DEBUG=1",
					"$(inherited)",
				);
				GCC_WARN_64_TO_32_BIT_CONVERSION = YES;
				GCC_WARN_ABOUT_RETURN_TYPE = YES_ERROR;
				GCC_WARN_UNDECLARED_SELECTOR = YES;
				GCC_WARN_UNINITIALIZED_AUTOS = YES_AGGRESSIVE;
				GCC_WARN_UNUSED_FUNCTION = YES;
				GCC_WARN_UNUSED_VARIABLE = YES;
				IPHONEOS_DEPLOYMENT_TARGET = 10.0;
				MTL_ENABLE_DEBUG_INFO = YES;
				ONLY_ACTIVE_ARCH = YES;
				SDKROOT = iphoneos;
				SWIFT_ACTIVE_COMPILATION_CONDITIONS = DEBUG;
				SWIFT_OPTIMIZATION_LEVEL = "-Onone";
				TARGETED_DEVICE_FAMILY = "1,2";
			};
			name = Debug;
		};
		BFE0B7711DB6E11B00D9F2B9 /* Release */ = {
			isa = XCBuildConfiguration;
			buildSettings = {
				ALWAYS_SEARCH_USER_PATHS = NO;
				CLANG_ANALYZER_NONNULL = YES;
				CLANG_CXX_LANGUAGE_STANDARD = "gnu++0x";
				CLANG_CXX_LIBRARY = "libc++";
				CLANG_ENABLE_MODULES = YES;
				CLANG_ENABLE_OBJC_ARC = YES;
				CLANG_WARN_BOOL_CONVERSION = YES;
				CLANG_WARN_CONSTANT_CONVERSION = YES;
				CLANG_WARN_DIRECT_OBJC_ISA_USAGE = YES_ERROR;
				CLANG_WARN_DOCUMENTATION_COMMENTS = YES;
				CLANG_WARN_EMPTY_BODY = YES;
				CLANG_WARN_ENUM_CONVERSION = YES;
				CLANG_WARN_INFINITE_RECURSION = YES;
				CLANG_WARN_INT_CONVERSION = YES;
				CLANG_WARN_OBJC_ROOT_CLASS = YES_ERROR;
				CLANG_WARN_SUSPICIOUS_MOVES = YES;
				CLANG_WARN_UNREACHABLE_CODE = YES;
				CLANG_WARN__DUPLICATE_METHOD_MATCH = YES;
				"CODE_SIGN_IDENTITY[sdk=iphoneos*]" = "iPhone Developer";
				COPY_PHASE_STRIP = NO;
				DEBUG_INFORMATION_FORMAT = "dwarf-with-dsym";
				ENABLE_NS_ASSERTIONS = NO;
				ENABLE_STRICT_OBJC_MSGSEND = YES;
				GCC_C_LANGUAGE_STANDARD = gnu99;
				GCC_NO_COMMON_BLOCKS = YES;
				GCC_WARN_64_TO_32_BIT_CONVERSION = YES;
				GCC_WARN_ABOUT_RETURN_TYPE = YES_ERROR;
				GCC_WARN_UNDECLARED_SELECTOR = YES;
				GCC_WARN_UNINITIALIZED_AUTOS = YES_AGGRESSIVE;
				GCC_WARN_UNUSED_FUNCTION = YES;
				GCC_WARN_UNUSED_VARIABLE = YES;
				IPHONEOS_DEPLOYMENT_TARGET = 10.0;
				MTL_ENABLE_DEBUG_INFO = NO;
				SDKROOT = iphoneos;
				SWIFT_OPTIMIZATION_LEVEL = "-Owholemodule";
				TARGETED_DEVICE_FAMILY = "1,2";
				VALIDATE_PRODUCT = YES;
			};
			name = Release;
		};
		BFE0B7731DB6E11B00D9F2B9 /* Debug */ = {
			isa = XCBuildConfiguration;
			baseConfigurationReference = 66BACC02F25C62D072DD2289 /* Pods-Social Feed.debug.xcconfig */;
			buildSettings = {
				ASSETCATALOG_COMPILER_APPICON_NAME = AppIcon;
				CODE_SIGN_ENTITLEMENTS = "Social Feed/Social Feed.entitlements";
				DEVELOPMENT_TEAM = 4WV9HZC5SY;
				INFOPLIST_FILE = "Social Feed/Info.plist";
				LD_RUNPATH_SEARCH_PATHS = "$(inherited) @executable_path/Frameworks";
				PRODUCT_BUNDLE_IDENTIFIER = "com.wepro.Social-Feed";
				PRODUCT_NAME = "$(TARGET_NAME)";
				SWIFT_VERSION = 3.0;
			};
			name = Debug;
		};
		BFE0B7741DB6E11B00D9F2B9 /* Release */ = {
			isa = XCBuildConfiguration;
			baseConfigurationReference = 58E8BCF1B315C6057FAA9D4C /* Pods-Social Feed.release.xcconfig */;
			buildSettings = {
				ASSETCATALOG_COMPILER_APPICON_NAME = AppIcon;
				CODE_SIGN_ENTITLEMENTS = "Social Feed/Social Feed.entitlements";
				DEVELOPMENT_TEAM = 4WV9HZC5SY;
				INFOPLIST_FILE = "Social Feed/Info.plist";
				LD_RUNPATH_SEARCH_PATHS = "$(inherited) @executable_path/Frameworks";
				PRODUCT_BUNDLE_IDENTIFIER = "com.wepro.Social-Feed";
				PRODUCT_NAME = "$(TARGET_NAME)";
				SWIFT_VERSION = 3.0;
			};
			name = Release;
		};
/* End XCBuildConfiguration section */

/* Begin XCConfigurationList section */
		BFE0B75B1DB6E11B00D9F2B9 /* Build configuration list for PBXProject "Social Feed" */ = {
			isa = XCConfigurationList;
			buildConfigurations = (
				BFE0B7701DB6E11B00D9F2B9 /* Debug */,
				BFE0B7711DB6E11B00D9F2B9 /* Release */,
			);
			defaultConfigurationIsVisible = 0;
			defaultConfigurationName = Release;
		};
		BFE0B7721DB6E11B00D9F2B9 /* Build configuration list for PBXNativeTarget "Social Feed" */ = {
			isa = XCConfigurationList;
			buildConfigurations = (
				BFE0B7731DB6E11B00D9F2B9 /* Debug */,
				BFE0B7741DB6E11B00D9F2B9 /* Release */,
			);
			defaultConfigurationIsVisible = 0;
			defaultConfigurationName = Release;
		};
/* End XCConfigurationList section */
	};
	rootObject = BFE0B7581DB6E11B00D9F2B9 /* Project object */;
}
